// !$*UTF8*$!
{
	archiveVersion = 1;
	classes = {
	};
	objectVersion = 51;
	objects = {

/* Begin PBXBuildFile section */
		9687CE95DDF346CCE3549735 /* Pods_ToWatcher.framework in Frameworks */ = {isa = PBXBuildFile; fileRef = 5848A81E7E2FFB906C1114D5 /* Pods_ToWatcher.framework */; };
		FA0A5C132470670A0008599C /* MenuItemState.swift in Sources */ = {isa = PBXBuildFile; fileRef = FA0A5C122470670A0008599C /* MenuItemState.swift */; };
		FA0A5C152470672A0008599C /* MenuItemType.swift in Sources */ = {isa = PBXBuildFile; fileRef = FA0A5C142470672A0008599C /* MenuItemType.swift */; };
		FA0A5C17247078430008599C /* WatchedItemCell.swift in Sources */ = {isa = PBXBuildFile; fileRef = FA0A5C16247078430008599C /* WatchedItemCell.swift */; };
		FA0A5C19247173C00008599C /* SearchView.swift in Sources */ = {isa = PBXBuildFile; fileRef = FA0A5C18247173C00008599C /* SearchView.swift */; };
		FA0A5C1B247180800008599C /* SearchItemCell.swift in Sources */ = {isa = PBXBuildFile; fileRef = FA0A5C1A247180800008599C /* SearchItemCell.swift */; };
		FA0A5C1D2471A76F0008599C /* UIDevice_ext.swift in Sources */ = {isa = PBXBuildFile; fileRef = FA0A5C1C2471A76F0008599C /* UIDevice_ext.swift */; };
		FA0CB7A32468349E00005C14 /* WatchItemCollectionView.swift in Sources */ = {isa = PBXBuildFile; fileRef = FA0CB7A22468349E00005C14 /* WatchItemCollectionView.swift */; };
		FA0E509722AC4353002417BD /* UITextField_ext.swift in Sources */ = {isa = PBXBuildFile; fileRef = FA0E509622AC4353002417BD /* UITextField_ext.swift */; };
		FA14CDC62466EB98009230C4 /* WatchItemEditEndState.swift in Sources */ = {isa = PBXBuildFile; fileRef = FA14CDC52466EB98009230C4 /* WatchItemEditEndState.swift */; };
		FA253CEA246035EB00297E53 /* WatchItemCellState.swift in Sources */ = {isa = PBXBuildFile; fileRef = FA253CE9246035EB00297E53 /* WatchItemCellState.swift */; };
		FA253CEC24618A8200297E53 /* WatchItemEditProtocol.swift in Sources */ = {isa = PBXBuildFile; fileRef = FA253CEB24618A8200297E53 /* WatchItemEditProtocol.swift */; };
		FA2C8A3A227725E300E01545 /* AppStyle.swift in Sources */ = {isa = PBXBuildFile; fileRef = FA2C8A39227725E300E01545 /* AppStyle.swift */; };
		FA2C8A3C227745CE00E01545 /* WatchItemDelegateProtocol.swift in Sources */ = {isa = PBXBuildFile; fileRef = FA2C8A3B227745CE00E01545 /* WatchItemDelegateProtocol.swift */; };
		FA350E9D226797FC00A167CB /* AppDelegate.swift in Sources */ = {isa = PBXBuildFile; fileRef = FA350E9C226797FC00A167CB /* AppDelegate.swift */; };
		FA350E9F226797FC00A167CB /* HomeVC.swift in Sources */ = {isa = PBXBuildFile; fileRef = FA350E9E226797FC00A167CB /* HomeVC.swift */; };
		FA350EA2226797FC00A167CB /* Main.storyboard in Resources */ = {isa = PBXBuildFile; fileRef = FA350EA0226797FC00A167CB /* Main.storyboard */; };
		FA350EA4226797FD00A167CB /* Assets.xcassets in Resources */ = {isa = PBXBuildFile; fileRef = FA350EA3226797FD00A167CB /* Assets.xcassets */; };
		FA350EA7226797FD00A167CB /* LaunchScreen.storyboard in Resources */ = {isa = PBXBuildFile; fileRef = FA350EA5226797FD00A167CB /* LaunchScreen.storyboard */; };
		FA350EAF22679B4A00A167CB /* ContainerCell.swift in Sources */ = {isa = PBXBuildFile; fileRef = FA350EAE22679B4A00A167CB /* ContainerCell.swift */; };
		FA350EB12267A3C700A167CB /* MenuBar.swift in Sources */ = {isa = PBXBuildFile; fileRef = FA350EB02267A3C700A167CB /* MenuBar.swift */; };
		FA350EB3226B7ED000A167CB /* MenuItemCell.swift in Sources */ = {isa = PBXBuildFile; fileRef = FA350EB2226B7ED000A167CB /* MenuItemCell.swift */; };
		FA350EE2226C886C00A167CB /* Montserrat-Regular.ttf in Resources */ = {isa = PBXBuildFile; fileRef = FA350EDA226C886B00A167CB /* Montserrat-Regular.ttf */; };
		FA350EE3226C886C00A167CB /* Montserrat-Bold.ttf in Resources */ = {isa = PBXBuildFile; fileRef = FA350EDB226C886B00A167CB /* Montserrat-Bold.ttf */; };
		FA350EE4226C886C00A167CB /* Montserrat-Thin.ttf in Resources */ = {isa = PBXBuildFile; fileRef = FA350EDC226C886B00A167CB /* Montserrat-Thin.ttf */; };
		FA350EE5226C886C00A167CB /* Montserrat-Italic.ttf in Resources */ = {isa = PBXBuildFile; fileRef = FA350EDD226C886B00A167CB /* Montserrat-Italic.ttf */; };
		FA350EE6226C886C00A167CB /* Montserrat-Black.ttf in Resources */ = {isa = PBXBuildFile; fileRef = FA350EDE226C886B00A167CB /* Montserrat-Black.ttf */; };
		FA350EE7226C886C00A167CB /* Montserrat-Medium.ttf in Resources */ = {isa = PBXBuildFile; fileRef = FA350EDF226C886B00A167CB /* Montserrat-Medium.ttf */; };
		FA350EE8226C886C00A167CB /* Montserrat-Light.ttf in Resources */ = {isa = PBXBuildFile; fileRef = FA350EE0226C886B00A167CB /* Montserrat-Light.ttf */; };
		FA350EE9226C886C00A167CB /* Montserrat-SemiBold.ttf in Resources */ = {isa = PBXBuildFile; fileRef = FA350EE1226C886C00A167CB /* Montserrat-SemiBold.ttf */; };
		FA581CCA2274AE70009FBF9A /* FloatActionButton.swift in Sources */ = {isa = PBXBuildFile; fileRef = FA581CC92274AE70009FBF9A /* FloatActionButton.swift */; };
		FA5BDDC425D0692F00E83F77 /* UILabel_ext.swift in Sources */ = {isa = PBXBuildFile; fileRef = FA5BDDC325D0692E00E83F77 /* UILabel_ext.swift */; };
		FA5D5B8122B16D3000159B40 /* WatchItemsVC.swift in Sources */ = {isa = PBXBuildFile; fileRef = FA5D5B8022B16D3000159B40 /* WatchItemsVC.swift */; };
		FA6D811422788A9F00A60758 /* UIView_ext.swift in Sources */ = {isa = PBXBuildFile; fileRef = FA6D811322788A9F00A60758 /* UIView_ext.swift */; };
		FA6D811622789B6300A60758 /* WatchItemCell.swift in Sources */ = {isa = PBXBuildFile; fileRef = FA6D811522789B6300A60758 /* WatchItemCell.swift */; };
		FA8E046C22B68D2F00809EC6 /* MenuItemDelegateProtocol.swift in Sources */ = {isa = PBXBuildFile; fileRef = FA8E046B22B68D2F00809EC6 /* MenuItemDelegateProtocol.swift */; };
		FA8FC99922AE3F5500F66F8F /* AnimatableCollectionView.swift in Sources */ = {isa = PBXBuildFile; fileRef = FA8FC99822AE3F5500F66F8F /* AnimatableCollectionView.swift */; };
		FA91D8B922AAA77900243988 /* SearchVC.swift in Sources */ = {isa = PBXBuildFile; fileRef = FA91D8B822AAA77900243988 /* SearchVC.swift */; };
		FA932E2A226E07EF0087BE9E /* MenuItem.swift in Sources */ = {isa = PBXBuildFile; fileRef = FA932E29226E07EF0087BE9E /* MenuItem.swift */; };
		FA932E5A226F2FFC0087BE9E /* ToWatchVC.swift in Sources */ = {isa = PBXBuildFile; fileRef = FA932E59226F2FFC0087BE9E /* ToWatchVC.swift */; };
		FA9D3A45245DD7CA000688BC /* WatchItemView.swift in Sources */ = {isa = PBXBuildFile; fileRef = FA9D3A44245DD7CA000688BC /* WatchItemView.swift */; };
		FA9D3A48245DD826000688BC /* WatchItemEditState.swift in Sources */ = {isa = PBXBuildFile; fileRef = FA9D3A47245DD826000688BC /* WatchItemEditState.swift */; };
		FA9D3A4A245DD864000688BC /* WatchItemMainView.swift in Sources */ = {isa = PBXBuildFile; fileRef = FA9D3A49245DD864000688BC /* WatchItemMainView.swift */; };
		FA9D3A4C245DD87A000688BC /* WatchItemActionView.swift in Sources */ = {isa = PBXBuildFile; fileRef = FA9D3A4B245DD87A000688BC /* WatchItemActionView.swift */; };
		FA9D3A4E245DD8A8000688BC /* PanGestureRecognizer_ext.swift in Sources */ = {isa = PBXBuildFile; fileRef = FA9D3A4D245DD8A8000688BC /* PanGestureRecognizer_ext.swift */; };
		FA9E74FD25D30B4100DFF57D /* Search.swift in Sources */ = {isa = PBXBuildFile; fileRef = FA9E74FC25D30B4100DFF57D /* Search.swift */; };
		FA9E758F25D4839D00DFF57D /* String_ext.swift in Sources */ = {isa = PBXBuildFile; fileRef = FA9E758E25D4839D00DFF57D /* String_ext.swift */; };
		FAB6002B25DC4D2300EEBD7A /* Movie.swift in Sources */ = {isa = PBXBuildFile; fileRef = FAB6002A25DC4D2300EEBD7A /* Movie.swift */; };
		FAB6002E25DC5DF500EEBD7A /* Int_ext.swift in Sources */ = {isa = PBXBuildFile; fileRef = FAB6002D25DC5DF500EEBD7A /* Int_ext.swift */; };
		FAB6FCC825D5BD5A00EEBD7A /* NetworkManager.swift in Sources */ = {isa = PBXBuildFile; fileRef = FAB6FCC725D5BD5A00EEBD7A /* NetworkManager.swift */; };
		FAB6FCD225D5CAB100EEBD7A /* SearchDelegate.swift in Sources */ = {isa = PBXBuildFile; fileRef = FAB6FCD125D5CAB100EEBD7A /* SearchDelegate.swift */; };
		FAB6FED425DAFFE700EEBD7A /* ScoreView.swift in Sources */ = {isa = PBXBuildFile; fileRef = FAB6FED325DAFFE700EEBD7A /* ScoreView.swift */; };
		FABEB1AE22B78D8700940AB1 /* UICollectionView+indexPathForVisibleRect.swift in Sources */ = {isa = PBXBuildFile; fileRef = FABEB1AD22B78D8700940AB1 /* UICollectionView+indexPathForVisibleRect.swift */; };
		FAC0CC21246865AF002624F3 /* WatchItem.swift in Sources */ = {isa = PBXBuildFile; fileRef = FAC0CC20246865AF002624F3 /* WatchItem.swift */; };
		FAC0CC2324695E6E002624F3 /* MenuItemView.swift in Sources */ = {isa = PBXBuildFile; fileRef = FAC0CC2224695E6E002624F3 /* MenuItemView.swift */; };
		FAC5D60E22B173EB005ED487 /* WatchedVC.swift in Sources */ = {isa = PBXBuildFile; fileRef = FAC5D60D22B173EB005ED487 /* WatchedVC.swift */; };
		FAC8533A2482A55F00484EC8 /* SearchItemCollectionView.swift in Sources */ = {isa = PBXBuildFile; fileRef = FAC853392482A55F00484EC8 /* SearchItemCollectionView.swift */; };
		FAE278BB22A934EF006FED16 /* WatchItemInfoVC.swift in Sources */ = {isa = PBXBuildFile; fileRef = FAE278BA22A934EF006FED16 /* WatchItemInfoVC.swift */; };
/* End PBXBuildFile section */

/* Begin PBXFileReference section */
		5848A81E7E2FFB906C1114D5 /* Pods_ToWatcher.framework */ = {isa = PBXFileReference; explicitFileType = wrapper.framework; includeInIndex = 0; path = Pods_ToWatcher.framework; sourceTree = BUILT_PRODUCTS_DIR; };
		58B87DD18EB9F94DA713E74D /* Pods-ToWatcher.release.xcconfig */ = {isa = PBXFileReference; includeInIndex = 1; lastKnownFileType = text.xcconfig; name = "Pods-ToWatcher.release.xcconfig"; path = "Target Support Files/Pods-ToWatcher/Pods-ToWatcher.release.xcconfig"; sourceTree = "<group>"; };
		EA86A807433C547336560D57 /* Pods-ToWatcher.debug.xcconfig */ = {isa = PBXFileReference; includeInIndex = 1; lastKnownFileType = text.xcconfig; name = "Pods-ToWatcher.debug.xcconfig"; path = "Target Support Files/Pods-ToWatcher/Pods-ToWatcher.debug.xcconfig"; sourceTree = "<group>"; };
		FA0A5C122470670A0008599C /* MenuItemState.swift */ = {isa = PBXFileReference; lastKnownFileType = sourcecode.swift; path = MenuItemState.swift; sourceTree = "<group>"; };
		FA0A5C142470672A0008599C /* MenuItemType.swift */ = {isa = PBXFileReference; lastKnownFileType = sourcecode.swift; path = MenuItemType.swift; sourceTree = "<group>"; };
		FA0A5C16247078430008599C /* WatchedItemCell.swift */ = {isa = PBXFileReference; lastKnownFileType = sourcecode.swift; path = WatchedItemCell.swift; sourceTree = "<group>"; };
		FA0A5C18247173C00008599C /* SearchView.swift */ = {isa = PBXFileReference; lastKnownFileType = sourcecode.swift; path = SearchView.swift; sourceTree = "<group>"; };
		FA0A5C1A247180800008599C /* SearchItemCell.swift */ = {isa = PBXFileReference; lastKnownFileType = sourcecode.swift; path = SearchItemCell.swift; sourceTree = "<group>"; };
		FA0A5C1C2471A76F0008599C /* UIDevice_ext.swift */ = {isa = PBXFileReference; lastKnownFileType = sourcecode.swift; path = UIDevice_ext.swift; sourceTree = "<group>"; };
		FA0CB7A22468349E00005C14 /* WatchItemCollectionView.swift */ = {isa = PBXFileReference; lastKnownFileType = sourcecode.swift; path = WatchItemCollectionView.swift; sourceTree = "<group>"; };
		FA0E509622AC4353002417BD /* UITextField_ext.swift */ = {isa = PBXFileReference; lastKnownFileType = sourcecode.swift; name = UITextField_ext.swift; path = ../UITextField_ext.swift; sourceTree = "<group>"; };
		FA14CDC52466EB98009230C4 /* WatchItemEditEndState.swift */ = {isa = PBXFileReference; lastKnownFileType = sourcecode.swift; path = WatchItemEditEndState.swift; sourceTree = "<group>"; };
		FA253CE9246035EB00297E53 /* WatchItemCellState.swift */ = {isa = PBXFileReference; lastKnownFileType = sourcecode.swift; path = WatchItemCellState.swift; sourceTree = "<group>"; };
		FA253CEB24618A8200297E53 /* WatchItemEditProtocol.swift */ = {isa = PBXFileReference; lastKnownFileType = sourcecode.swift; path = WatchItemEditProtocol.swift; sourceTree = "<group>"; };
		FA2C8A39227725E300E01545 /* AppStyle.swift */ = {isa = PBXFileReference; lastKnownFileType = sourcecode.swift; path = AppStyle.swift; sourceTree = "<group>"; };
		FA2C8A3B227745CE00E01545 /* WatchItemDelegateProtocol.swift */ = {isa = PBXFileReference; lastKnownFileType = sourcecode.swift; path = WatchItemDelegateProtocol.swift; sourceTree = "<group>"; };
		FA350E99226797FC00A167CB /* ToWatcher.app */ = {isa = PBXFileReference; explicitFileType = wrapper.application; includeInIndex = 0; path = ToWatcher.app; sourceTree = BUILT_PRODUCTS_DIR; };
		FA350E9C226797FC00A167CB /* AppDelegate.swift */ = {isa = PBXFileReference; lastKnownFileType = sourcecode.swift; path = AppDelegate.swift; sourceTree = "<group>"; };
		FA350E9E226797FC00A167CB /* HomeVC.swift */ = {isa = PBXFileReference; lastKnownFileType = sourcecode.swift; path = HomeVC.swift; sourceTree = "<group>"; };
		FA350EA1226797FC00A167CB /* Base */ = {isa = PBXFileReference; lastKnownFileType = file.storyboard; name = Base; path = Base.lproj/Main.storyboard; sourceTree = "<group>"; };
		FA350EA3226797FD00A167CB /* Assets.xcassets */ = {isa = PBXFileReference; lastKnownFileType = folder.assetcatalog; path = Assets.xcassets; sourceTree = "<group>"; };
		FA350EA6226797FD00A167CB /* Base */ = {isa = PBXFileReference; lastKnownFileType = file.storyboard; name = Base; path = Base.lproj/LaunchScreen.storyboard; sourceTree = "<group>"; };
		FA350EA8226797FD00A167CB /* Info.plist */ = {isa = PBXFileReference; lastKnownFileType = text.plist.xml; path = Info.plist; sourceTree = "<group>"; };
		FA350EAE22679B4A00A167CB /* ContainerCell.swift */ = {isa = PBXFileReference; lastKnownFileType = sourcecode.swift; path = ContainerCell.swift; sourceTree = "<group>"; };
		FA350EB02267A3C700A167CB /* MenuBar.swift */ = {isa = PBXFileReference; lastKnownFileType = sourcecode.swift; path = MenuBar.swift; sourceTree = "<group>"; };
		FA350EB2226B7ED000A167CB /* MenuItemCell.swift */ = {isa = PBXFileReference; lastKnownFileType = sourcecode.swift; path = MenuItemCell.swift; sourceTree = "<group>"; };
		FA350EDA226C886B00A167CB /* Montserrat-Regular.ttf */ = {isa = PBXFileReference; lastKnownFileType = file; path = "Montserrat-Regular.ttf"; sourceTree = "<group>"; };
		FA350EDB226C886B00A167CB /* Montserrat-Bold.ttf */ = {isa = PBXFileReference; lastKnownFileType = file; path = "Montserrat-Bold.ttf"; sourceTree = "<group>"; };
		FA350EDC226C886B00A167CB /* Montserrat-Thin.ttf */ = {isa = PBXFileReference; lastKnownFileType = file; path = "Montserrat-Thin.ttf"; sourceTree = "<group>"; };
		FA350EDD226C886B00A167CB /* Montserrat-Italic.ttf */ = {isa = PBXFileReference; lastKnownFileType = file; path = "Montserrat-Italic.ttf"; sourceTree = "<group>"; };
		FA350EDE226C886B00A167CB /* Montserrat-Black.ttf */ = {isa = PBXFileReference; lastKnownFileType = file; path = "Montserrat-Black.ttf"; sourceTree = "<group>"; };
		FA350EDF226C886B00A167CB /* Montserrat-Medium.ttf */ = {isa = PBXFileReference; lastKnownFileType = file; path = "Montserrat-Medium.ttf"; sourceTree = "<group>"; };
		FA350EE0226C886B00A167CB /* Montserrat-Light.ttf */ = {isa = PBXFileReference; lastKnownFileType = file; path = "Montserrat-Light.ttf"; sourceTree = "<group>"; };
		FA350EE1226C886C00A167CB /* Montserrat-SemiBold.ttf */ = {isa = PBXFileReference; lastKnownFileType = file; path = "Montserrat-SemiBold.ttf"; sourceTree = "<group>"; };
		FA581CC92274AE70009FBF9A /* FloatActionButton.swift */ = {isa = PBXFileReference; lastKnownFileType = sourcecode.swift; path = FloatActionButton.swift; sourceTree = "<group>"; };
		FA5BDDC325D0692E00E83F77 /* UILabel_ext.swift */ = {isa = PBXFileReference; lastKnownFileType = sourcecode.swift; path = UILabel_ext.swift; sourceTree = "<group>"; };
		FA5D5B8022B16D3000159B40 /* WatchItemsVC.swift */ = {isa = PBXFileReference; lastKnownFileType = sourcecode.swift; path = WatchItemsVC.swift; sourceTree = "<group>"; };
		FA6D811322788A9F00A60758 /* UIView_ext.swift */ = {isa = PBXFileReference; lastKnownFileType = sourcecode.swift; name = UIView_ext.swift; path = ../UIView_ext.swift; sourceTree = "<group>"; };
		FA6D811522789B6300A60758 /* WatchItemCell.swift */ = {isa = PBXFileReference; lastKnownFileType = sourcecode.swift; path = WatchItemCell.swift; sourceTree = "<group>"; };
		FA8E046B22B68D2F00809EC6 /* MenuItemDelegateProtocol.swift */ = {isa = PBXFileReference; lastKnownFileType = sourcecode.swift; path = MenuItemDelegateProtocol.swift; sourceTree = "<group>"; };
		FA8FC99822AE3F5500F66F8F /* AnimatableCollectionView.swift */ = {isa = PBXFileReference; lastKnownFileType = sourcecode.swift; path = AnimatableCollectionView.swift; sourceTree = "<group>"; };
		FA91D8B822AAA77900243988 /* SearchVC.swift */ = {isa = PBXFileReference; lastKnownFileType = sourcecode.swift; path = SearchVC.swift; sourceTree = "<group>"; };
		FA932E29226E07EF0087BE9E /* MenuItem.swift */ = {isa = PBXFileReference; lastKnownFileType = sourcecode.swift; path = MenuItem.swift; sourceTree = "<group>"; };
		FA932E59226F2FFC0087BE9E /* ToWatchVC.swift */ = {isa = PBXFileReference; lastKnownFileType = sourcecode.swift; path = ToWatchVC.swift; sourceTree = "<group>"; };
		FA9D3A44245DD7CA000688BC /* WatchItemView.swift */ = {isa = PBXFileReference; lastKnownFileType = sourcecode.swift; path = WatchItemView.swift; sourceTree = "<group>"; };
		FA9D3A47245DD826000688BC /* WatchItemEditState.swift */ = {isa = PBXFileReference; lastKnownFileType = sourcecode.swift; path = WatchItemEditState.swift; sourceTree = "<group>"; };
		FA9D3A49245DD864000688BC /* WatchItemMainView.swift */ = {isa = PBXFileReference; lastKnownFileType = sourcecode.swift; path = WatchItemMainView.swift; sourceTree = "<group>"; };
		FA9D3A4B245DD87A000688BC /* WatchItemActionView.swift */ = {isa = PBXFileReference; lastKnownFileType = sourcecode.swift; path = WatchItemActionView.swift; sourceTree = "<group>"; };
		FA9D3A4D245DD8A8000688BC /* PanGestureRecognizer_ext.swift */ = {isa = PBXFileReference; lastKnownFileType = sourcecode.swift; path = PanGestureRecognizer_ext.swift; sourceTree = "<group>"; };
		FA9E74FC25D30B4100DFF57D /* Search.swift */ = {isa = PBXFileReference; lastKnownFileType = sourcecode.swift; path = Search.swift; sourceTree = "<group>"; };
		FA9E758E25D4839D00DFF57D /* String_ext.swift */ = {isa = PBXFileReference; lastKnownFileType = sourcecode.swift; path = String_ext.swift; sourceTree = "<group>"; };
		FAB6002A25DC4D2300EEBD7A /* Movie.swift */ = {isa = PBXFileReference; lastKnownFileType = sourcecode.swift; path = Movie.swift; sourceTree = "<group>"; };
		FAB6002D25DC5DF500EEBD7A /* Int_ext.swift */ = {isa = PBXFileReference; lastKnownFileType = sourcecode.swift; path = Int_ext.swift; sourceTree = "<group>"; };
		FAB6FCC725D5BD5A00EEBD7A /* NetworkManager.swift */ = {isa = PBXFileReference; lastKnownFileType = sourcecode.swift; path = NetworkManager.swift; sourceTree = "<group>"; };
		FAB6FCD125D5CAB100EEBD7A /* SearchDelegate.swift */ = {isa = PBXFileReference; lastKnownFileType = sourcecode.swift; path = SearchDelegate.swift; sourceTree = "<group>"; };
		FAB6FED325DAFFE700EEBD7A /* ScoreView.swift */ = {isa = PBXFileReference; lastKnownFileType = sourcecode.swift; path = ScoreView.swift; sourceTree = "<group>"; };
		FABEB1AD22B78D8700940AB1 /* UICollectionView+indexPathForVisibleRect.swift */ = {isa = PBXFileReference; lastKnownFileType = sourcecode.swift; path = "UICollectionView+indexPathForVisibleRect.swift"; sourceTree = "<group>"; };
		FAC0CC20246865AF002624F3 /* WatchItem.swift */ = {isa = PBXFileReference; lastKnownFileType = sourcecode.swift; path = WatchItem.swift; sourceTree = "<group>"; };
		FAC0CC2224695E6E002624F3 /* MenuItemView.swift */ = {isa = PBXFileReference; lastKnownFileType = sourcecode.swift; path = MenuItemView.swift; sourceTree = "<group>"; };
		FAC5D60D22B173EB005ED487 /* WatchedVC.swift */ = {isa = PBXFileReference; lastKnownFileType = sourcecode.swift; path = WatchedVC.swift; sourceTree = "<group>"; };
		FAC853392482A55F00484EC8 /* SearchItemCollectionView.swift */ = {isa = PBXFileReference; lastKnownFileType = sourcecode.swift; path = SearchItemCollectionView.swift; sourceTree = "<group>"; };
		FAE278BA22A934EF006FED16 /* WatchItemInfoVC.swift */ = {isa = PBXFileReference; lastKnownFileType = sourcecode.swift; path = WatchItemInfoVC.swift; sourceTree = "<group>"; };
/* End PBXFileReference section */

/* Begin PBXFrameworksBuildPhase section */
		FA350E96226797FB00A167CB /* Frameworks */ = {
			isa = PBXFrameworksBuildPhase;
			buildActionMask = 2147483647;
			files = (
				9687CE95DDF346CCE3549735 /* Pods_ToWatcher.framework in Frameworks */,
			);
			runOnlyForDeploymentPostprocessing = 0;
		};
/* End PBXFrameworksBuildPhase section */

/* Begin PBXGroup section */
		85B07CD8A5F7DCB000AF55C5 /* Pods */ = {
			isa = PBXGroup;
			children = (
				EA86A807433C547336560D57 /* Pods-ToWatcher.debug.xcconfig */,
				58B87DD18EB9F94DA713E74D /* Pods-ToWatcher.release.xcconfig */,
			);
			path = Pods;
			sourceTree = "<group>";
		};
		ECF6F7075E74A3940F77205B /* Frameworks */ = {
			isa = PBXGroup;
			children = (
				5848A81E7E2FFB906C1114D5 /* Pods_ToWatcher.framework */,
			);
			name = Frameworks;
			sourceTree = "<group>";
		};
		FA0E509822AC4CE5002417BD /* Extensions */ = {
			isa = PBXGroup;
			children = (
				FA6D811322788A9F00A60758 /* UIView_ext.swift */,
				FA9E758E25D4839D00DFF57D /* String_ext.swift */,
				FAB6002D25DC5DF500EEBD7A /* Int_ext.swift */,
				FA5BDDC325D0692E00E83F77 /* UILabel_ext.swift */,
				FA0E509622AC4353002417BD /* UITextField_ext.swift */,
				FABEB1AD22B78D8700940AB1 /* UICollectionView+indexPathForVisibleRect.swift */,
				FA9D3A4D245DD8A8000688BC /* PanGestureRecognizer_ext.swift */,
				FA0A5C1C2471A76F0008599C /* UIDevice_ext.swift */,
			);
			path = Extensions;
			sourceTree = "<group>";
		};
		FA2C8A3D22774F7F00E01545 /* Protocols */ = {
			isa = PBXGroup;
			children = (
				FA2C8A3B227745CE00E01545 /* WatchItemDelegateProtocol.swift */,
				FA8E046B22B68D2F00809EC6 /* MenuItemDelegateProtocol.swift */,
				FA253CEB24618A8200297E53 /* WatchItemEditProtocol.swift */,
				FAB6FCD125D5CAB100EEBD7A /* SearchDelegate.swift */,
			);
			path = Protocols;
			sourceTree = "<group>";
		};
		FA350E90226797FB00A167CB = {
			isa = PBXGroup;
			children = (
				FA350E9B226797FC00A167CB /* ToWatcher */,
				FA350E9A226797FC00A167CB /* Products */,
				85B07CD8A5F7DCB000AF55C5 /* Pods */,
				ECF6F7075E74A3940F77205B /* Frameworks */,
			);
			sourceTree = "<group>";
		};
		FA350E9A226797FC00A167CB /* Products */ = {
			isa = PBXGroup;
			children = (
				FA350E99226797FC00A167CB /* ToWatcher.app */,
			);
			name = Products;
			sourceTree = "<group>";
		};
		FA350E9B226797FC00A167CB /* ToWatcher */ = {
			isa = PBXGroup;
			children = (
				FA350E9C226797FC00A167CB /* AppDelegate.swift */,
				FA2C8A39227725E300E01545 /* AppStyle.swift */,
				FA9E74FB25D30B2000DFF57D /* Model */,
				FAB6FCC625D5BD0E00EEBD7A /* Network */,
				FA9D3A46245DD80C000688BC /* Types */,
				FA0E509822AC4CE5002417BD /* Extensions */,
				FA2C8A3D22774F7F00E01545 /* Protocols */,
				FA932E58226F181C0087BE9E /* Custom UI */,
				FA932E51226E48010087BE9E /* Model */,
				FA932E57226F17E70087BE9E /* VC */,
				FA932E56226F17DE0087BE9E /* Cells */,
				FA350EA0226797FC00A167CB /* Main.storyboard */,
				FA350EA3226797FD00A167CB /* Assets.xcassets */,
				FA350EA5226797FD00A167CB /* LaunchScreen.storyboard */,
				FA350EA8226797FD00A167CB /* Info.plist */,
				FA350ED9226C882100A167CB /* Fonts */,
			);
			path = ToWatcher;
			sourceTree = "<group>";
		};
		FA350ED9226C882100A167CB /* Fonts */ = {
			isa = PBXGroup;
			children = (
				FA350EDE226C886B00A167CB /* Montserrat-Black.ttf */,
				FA350EDB226C886B00A167CB /* Montserrat-Bold.ttf */,
				FA350EDD226C886B00A167CB /* Montserrat-Italic.ttf */,
				FA350EE0226C886B00A167CB /* Montserrat-Light.ttf */,
				FA350EDF226C886B00A167CB /* Montserrat-Medium.ttf */,
				FA350EDA226C886B00A167CB /* Montserrat-Regular.ttf */,
				FA350EE1226C886C00A167CB /* Montserrat-SemiBold.ttf */,
				FA350EDC226C886B00A167CB /* Montserrat-Thin.ttf */,
			);
			path = Fonts;
			sourceTree = "<group>";
		};
		FA932E51226E48010087BE9E /* Model */ = {
			isa = PBXGroup;
			children = (
				FA932E29226E07EF0087BE9E /* MenuItem.swift */,
				FAC0CC20246865AF002624F3 /* WatchItem.swift */,
			);
			path = Model;
			sourceTree = "<group>";
		};
		FA932E56226F17DE0087BE9E /* Cells */ = {
			isa = PBXGroup;
			children = (
				FA350EB2226B7ED000A167CB /* MenuItemCell.swift */,
				FA0A5C1A247180800008599C /* SearchItemCell.swift */,
				FA350EAE22679B4A00A167CB /* ContainerCell.swift */,
				FA6D811522789B6300A60758 /* WatchItemCell.swift */,
				FA0A5C16247078430008599C /* WatchedItemCell.swift */,
			);
			path = Cells;
			sourceTree = "<group>";
		};
		FA932E57226F17E70087BE9E /* VC */ = {
			isa = PBXGroup;
			children = (
				FA350E9E226797FC00A167CB /* HomeVC.swift */,
				FAC5D60F22B17400005ED487 /* WatchItemsVCs */,
				FAE278BA22A934EF006FED16 /* WatchItemInfoVC.swift */,
				FA91D8B822AAA77900243988 /* SearchVC.swift */,
			);
			path = VC;
			sourceTree = "<group>";
		};
		FA932E58226F181C0087BE9E /* Custom UI */ = {
			isa = PBXGroup;
			children = (
				FA9D3A4F245DD8C6000688BC /* WatchItemView */,
				FA350EB02267A3C700A167CB /* MenuBar.swift */,
				FAC0CC2224695E6E002624F3 /* MenuItemView.swift */,
				FA581CC92274AE70009FBF9A /* FloatActionButton.swift */,
				FA8FC99822AE3F5500F66F8F /* AnimatableCollectionView.swift */,
				FA0CB7A22468349E00005C14 /* WatchItemCollectionView.swift */,
				FAC853392482A55F00484EC8 /* SearchItemCollectionView.swift */,
				FA0A5C18247173C00008599C /* SearchView.swift */,
				FAB6FED325DAFFE700EEBD7A /* ScoreView.swift */,
			);
			path = "Custom UI";
			sourceTree = "<group>";
		};
		FA9D3A46245DD80C000688BC /* Types */ = {
			isa = PBXGroup;
			children = (
				FA9D3A47245DD826000688BC /* WatchItemEditState.swift */,
				FA253CE9246035EB00297E53 /* WatchItemCellState.swift */,
				FA14CDC52466EB98009230C4 /* WatchItemEditEndState.swift */,
				FA0A5C122470670A0008599C /* MenuItemState.swift */,
				FA0A5C142470672A0008599C /* MenuItemType.swift */,
			);
			path = Types;
			sourceTree = "<group>";
		};
		FA9D3A4F245DD8C6000688BC /* WatchItemView */ = {
			isa = PBXGroup;
			children = (
				FA9D3A44245DD7CA000688BC /* WatchItemView.swift */,
				FA9D3A49245DD864000688BC /* WatchItemMainView.swift */,
				FA9D3A4B245DD87A000688BC /* WatchItemActionView.swift */,
			);
			path = WatchItemView;
			sourceTree = "<group>";
		};
		FA9E74FB25D30B2000DFF57D /* Model */ = {
			isa = PBXGroup;
			children = (
				FA9E74FC25D30B4100DFF57D /* Search.swift */,
				FAB6002A25DC4D2300EEBD7A /* Movie.swift */,
			);
			name = Model;
			path = ../Model;
			sourceTree = "<group>";
		};
		FAB6FCC625D5BD0E00EEBD7A /* Network */ = {
			isa = PBXGroup;
			children = (
				FAB6FCC725D5BD5A00EEBD7A /* NetworkManager.swift */,
			);
			path = Network;
			sourceTree = "<group>";
		};
		FAC5D60F22B17400005ED487 /* WatchItemsVCs */ = {
			isa = PBXGroup;
			children = (
				FA5D5B8022B16D3000159B40 /* WatchItemsVC.swift */,
				FA932E59226F2FFC0087BE9E /* ToWatchVC.swift */,
				FAC5D60D22B173EB005ED487 /* WatchedVC.swift */,
			);
			path = WatchItemsVCs;
			sourceTree = "<group>";
		};
/* End PBXGroup section */

/* Begin PBXNativeTarget section */
		FA350E98226797FB00A167CB /* ToWatcher */ = {
			isa = PBXNativeTarget;
			buildConfigurationList = FA350EAB226797FD00A167CB /* Build configuration list for PBXNativeTarget "ToWatcher" */;
			buildPhases = (
				D7FCACF9FBBB797D45070A59 /* [CP] Check Pods Manifest.lock */,
				FA350E95226797FB00A167CB /* Sources */,
				FA350E96226797FB00A167CB /* Frameworks */,
				FA350E97226797FB00A167CB /* Resources */,
				ADD3DF901333E32C0B45F62E /* [CP] Embed Pods Frameworks */,
			);
			buildRules = (
			);
			dependencies = (
			);
			name = ToWatcher;
			productName = ToWatcher;
			productReference = FA350E99226797FC00A167CB /* ToWatcher.app */;
			productType = "com.apple.product-type.application";
		};
/* End PBXNativeTarget section */

/* Begin PBXProject section */
		FA350E91226797FB00A167CB /* Project object */ = {
			isa = PBXProject;
			attributes = {
				LastSwiftUpdateCheck = 1020;
				LastUpgradeCheck = 1020;
				ORGANIZATIONNAME = "Alex Delin";
				TargetAttributes = {
					FA350E98226797FB00A167CB = {
						CreatedOnToolsVersion = 10.2;
					};
				};
			};
			buildConfigurationList = FA350E94226797FB00A167CB /* Build configuration list for PBXProject "ToWatcher" */;
			compatibilityVersion = "Xcode 9.3";
			developmentRegion = en;
			hasScannedForEncodings = 0;
			knownRegions = (
				en,
				Base,
			);
			mainGroup = FA350E90226797FB00A167CB;
			productRefGroup = FA350E9A226797FC00A167CB /* Products */;
			projectDirPath = "";
			projectRoot = "";
			targets = (
				FA350E98226797FB00A167CB /* ToWatcher */,
			);
		};
/* End PBXProject section */

/* Begin PBXResourcesBuildPhase section */
		FA350E97226797FB00A167CB /* Resources */ = {
			isa = PBXResourcesBuildPhase;
			buildActionMask = 2147483647;
			files = (
				FA350EE8226C886C00A167CB /* Montserrat-Light.ttf in Resources */,
				FA350EE9226C886C00A167CB /* Montserrat-SemiBold.ttf in Resources */,
				FA350EE3226C886C00A167CB /* Montserrat-Bold.ttf in Resources */,
				FA350EE6226C886C00A167CB /* Montserrat-Black.ttf in Resources */,
				FA350EE2226C886C00A167CB /* Montserrat-Regular.ttf in Resources */,
				FA350EA7226797FD00A167CB /* LaunchScreen.storyboard in Resources */,
				FA350EA4226797FD00A167CB /* Assets.xcassets in Resources */,
				FA350EE4226C886C00A167CB /* Montserrat-Thin.ttf in Resources */,
				FA350EA2226797FC00A167CB /* Main.storyboard in Resources */,
				FA350EE7226C886C00A167CB /* Montserrat-Medium.ttf in Resources */,
				FA350EE5226C886C00A167CB /* Montserrat-Italic.ttf in Resources */,
			);
			runOnlyForDeploymentPostprocessing = 0;
		};
/* End PBXResourcesBuildPhase section */

/* Begin PBXShellScriptBuildPhase section */
		ADD3DF901333E32C0B45F62E /* [CP] Embed Pods Frameworks */ = {
			isa = PBXShellScriptBuildPhase;
			buildActionMask = 2147483647;
			files = (
			);
			inputFileListPaths = (
				"${PODS_ROOT}/Target Support Files/Pods-ToWatcher/Pods-ToWatcher-frameworks-${CONFIGURATION}-input-files.xcfilelist",
			);
			name = "[CP] Embed Pods Frameworks";
			outputFileListPaths = (
				"${PODS_ROOT}/Target Support Files/Pods-ToWatcher/Pods-ToWatcher-frameworks-${CONFIGURATION}-output-files.xcfilelist",
			);
			runOnlyForDeploymentPostprocessing = 0;
			shellPath = /bin/sh;
			shellScript = "\"${PODS_ROOT}/Target Support Files/Pods-ToWatcher/Pods-ToWatcher-frameworks.sh\"\n";
			showEnvVarsInLog = 0;
		};
		D7FCACF9FBBB797D45070A59 /* [CP] Check Pods Manifest.lock */ = {
			isa = PBXShellScriptBuildPhase;
			buildActionMask = 2147483647;
			files = (
			);
			inputFileListPaths = (
			);
			inputPaths = (
				"${PODS_PODFILE_DIR_PATH}/Podfile.lock",
				"${PODS_ROOT}/Manifest.lock",
			);
			name = "[CP] Check Pods Manifest.lock";
			outputFileListPaths = (
			);
			outputPaths = (
				"$(DERIVED_FILE_DIR)/Pods-ToWatcher-checkManifestLockResult.txt",
			);
			runOnlyForDeploymentPostprocessing = 0;
			shellPath = /bin/sh;
			shellScript = "diff \"${PODS_PODFILE_DIR_PATH}/Podfile.lock\" \"${PODS_ROOT}/Manifest.lock\" > /dev/null\nif [ $? != 0 ] ; then\n    # print error to STDERR\n    echo \"error: The sandbox is not in sync with the Podfile.lock. Run 'pod install' or update your CocoaPods installation.\" >&2\n    exit 1\nfi\n# This output is used by Xcode 'outputs' to avoid re-running this script phase.\necho \"SUCCESS\" > \"${SCRIPT_OUTPUT_FILE_0}\"\n";
			showEnvVarsInLog = 0;
		};
/* End PBXShellScriptBuildPhase section */

/* Begin PBXSourcesBuildPhase section */
		FA350E95226797FB00A167CB /* Sources */ = {
			isa = PBXSourcesBuildPhase;
			buildActionMask = 2147483647;
			files = (
				FAC0CC2324695E6E002624F3 /* MenuItemView.swift in Sources */,
				FA0A5C1D2471A76F0008599C /* UIDevice_ext.swift in Sources */,
				FA9D3A4C245DD87A000688BC /* WatchItemActionView.swift in Sources */,
				FA0E509722AC4353002417BD /* UITextField_ext.swift in Sources */,
				FABEB1AE22B78D8700940AB1 /* UICollectionView+indexPathForVisibleRect.swift in Sources */,
				FA9E758F25D4839D00DFF57D /* String_ext.swift in Sources */,
				FAE278BB22A934EF006FED16 /* WatchItemInfoVC.swift in Sources */,
				FA9D3A45245DD7CA000688BC /* WatchItemView.swift in Sources */,
				FA0A5C19247173C00008599C /* SearchView.swift in Sources */,
				FA2C8A3C227745CE00E01545 /* WatchItemDelegateProtocol.swift in Sources */,
				FA350E9F226797FC00A167CB /* HomeVC.swift in Sources */,
				FA91D8B922AAA77900243988 /* SearchVC.swift in Sources */,
				FA0CB7A32468349E00005C14 /* WatchItemCollectionView.swift in Sources */,
				FA2C8A3A227725E300E01545 /* AppStyle.swift in Sources */,
				FA0A5C1B247180800008599C /* SearchItemCell.swift in Sources */,
				FA9E74FD25D30B4100DFF57D /* Search.swift in Sources */,
				FA932E5A226F2FFC0087BE9E /* ToWatchVC.swift in Sources */,
				FA350EB3226B7ED000A167CB /* MenuItemCell.swift in Sources */,
				FA6D811422788A9F00A60758 /* UIView_ext.swift in Sources */,
				FA581CCA2274AE70009FBF9A /* FloatActionButton.swift in Sources */,
				FA350E9D226797FC00A167CB /* AppDelegate.swift in Sources */,
				FA9D3A48245DD826000688BC /* WatchItemEditState.swift in Sources */,
				FA6D811622789B6300A60758 /* WatchItemCell.swift in Sources */,
				FA8FC99922AE3F5500F66F8F /* AnimatableCollectionView.swift in Sources */,
				FAB6FCC825D5BD5A00EEBD7A /* NetworkManager.swift in Sources */,
				FA0A5C17247078430008599C /* WatchedItemCell.swift in Sources */,
				FA0A5C132470670A0008599C /* MenuItemState.swift in Sources */,
				FA9D3A4A245DD864000688BC /* WatchItemMainView.swift in Sources */,
				FA0A5C152470672A0008599C /* MenuItemType.swift in Sources */,
				FAB6002E25DC5DF500EEBD7A /* Int_ext.swift in Sources */,
				FAB6002B25DC4D2300EEBD7A /* Movie.swift in Sources */,
				FAB6FED425DAFFE700EEBD7A /* ScoreView.swift in Sources */,
				FAB6FCD225D5CAB100EEBD7A /* SearchDelegate.swift in Sources */,
				FA253CEA246035EB00297E53 /* WatchItemCellState.swift in Sources */,
				FA5BDDC425D0692F00E83F77 /* UILabel_ext.swift in Sources */,
				FA932E2A226E07EF0087BE9E /* MenuItem.swift in Sources */,
				FA253CEC24618A8200297E53 /* WatchItemEditProtocol.swift in Sources */,
				FA5D5B8122B16D3000159B40 /* WatchItemsVC.swift in Sources */,
				FA8E046C22B68D2F00809EC6 /* MenuItemDelegateProtocol.swift in Sources */,
				FAC8533A2482A55F00484EC8 /* SearchItemCollectionView.swift in Sources */,
				FA350EB12267A3C700A167CB /* MenuBar.swift in Sources */,
				FAC5D60E22B173EB005ED487 /* WatchedVC.swift in Sources */,
				FAC0CC21246865AF002624F3 /* WatchItem.swift in Sources */,
				FA350EAF22679B4A00A167CB /* ContainerCell.swift in Sources */,
				FA9D3A4E245DD8A8000688BC /* PanGestureRecognizer_ext.swift in Sources */,
				FA14CDC62466EB98009230C4 /* WatchItemEditEndState.swift in Sources */,
			);
			runOnlyForDeploymentPostprocessing = 0;
		};
/* End PBXSourcesBuildPhase section */

/* Begin PBXVariantGroup section */
		FA350EA0226797FC00A167CB /* Main.storyboard */ = {
			isa = PBXVariantGroup;
			children = (
				FA350EA1226797FC00A167CB /* Base */,
			);
			name = Main.storyboard;
			sourceTree = "<group>";
		};
		FA350EA5226797FD00A167CB /* LaunchScreen.storyboard */ = {
			isa = PBXVariantGroup;
			children = (
				FA350EA6226797FD00A167CB /* Base */,
			);
			name = LaunchScreen.storyboard;
			sourceTree = "<group>";
		};
/* End PBXVariantGroup section */

/* Begin XCBuildConfiguration section */
		FA350EA9226797FD00A167CB /* Debug */ = {
			isa = XCBuildConfiguration;
			buildSettings = {
				ALWAYS_SEARCH_USER_PATHS = NO;
				CLANG_ANALYZER_NONNULL = YES;
				CLANG_ANALYZER_NUMBER_OBJECT_CONVERSION = YES_AGGRESSIVE;
				CLANG_CXX_LANGUAGE_STANDARD = "gnu++14";
				CLANG_CXX_LIBRARY = "libc++";
				CLANG_ENABLE_MODULES = YES;
				CLANG_ENABLE_OBJC_ARC = YES;
				CLANG_ENABLE_OBJC_WEAK = YES;
				CLANG_WARN_BLOCK_CAPTURE_AUTORELEASING = YES;
				CLANG_WARN_BOOL_CONVERSION = YES;
				CLANG_WARN_COMMA = YES;
				CLANG_WARN_CONSTANT_CONVERSION = YES;
				CLANG_WARN_DEPRECATED_OBJC_IMPLEMENTATIONS = YES;
				CLANG_WARN_DIRECT_OBJC_ISA_USAGE = YES_ERROR;
				CLANG_WARN_DOCUMENTATION_COMMENTS = YES;
				CLANG_WARN_EMPTY_BODY = YES;
				CLANG_WARN_ENUM_CONVERSION = YES;
				CLANG_WARN_INFINITE_RECURSION = YES;
				CLANG_WARN_INT_CONVERSION = YES;
				CLANG_WARN_NON_LITERAL_NULL_CONVERSION = YES;
				CLANG_WARN_OBJC_IMPLICIT_RETAIN_SELF = YES;
				CLANG_WARN_OBJC_LITERAL_CONVERSION = YES;
				CLANG_WARN_OBJC_ROOT_CLASS = YES_ERROR;
				CLANG_WARN_RANGE_LOOP_ANALYSIS = YES;
				CLANG_WARN_STRICT_PROTOTYPES = YES;
				CLANG_WARN_SUSPICIOUS_MOVE = YES;
				CLANG_WARN_UNGUARDED_AVAILABILITY = YES_AGGRESSIVE;
				CLANG_WARN_UNREACHABLE_CODE = YES;
				CLANG_WARN__DUPLICATE_METHOD_MATCH = YES;
				CODE_SIGN_IDENTITY = "iPhone Developer";
				COPY_PHASE_STRIP = NO;
				DEBUG_INFORMATION_FORMAT = dwarf;
				ENABLE_STRICT_OBJC_MSGSEND = YES;
				ENABLE_TESTABILITY = YES;
				GCC_C_LANGUAGE_STANDARD = gnu11;
				GCC_DYNAMIC_NO_PIC = NO;
				GCC_NO_COMMON_BLOCKS = YES;
				GCC_OPTIMIZATION_LEVEL = 0;
				GCC_PREPROCESSOR_DEFINITIONS = (
					"DEBUG=1",
					"$(inherited)",
				);
				GCC_WARN_64_TO_32_BIT_CONVERSION = YES;
				GCC_WARN_ABOUT_RETURN_TYPE = YES_ERROR;
				GCC_WARN_UNDECLARED_SELECTOR = YES;
				GCC_WARN_UNINITIALIZED_AUTOS = YES_AGGRESSIVE;
				GCC_WARN_UNUSED_FUNCTION = YES;
				GCC_WARN_UNUSED_VARIABLE = YES;
				IPHONEOS_DEPLOYMENT_TARGET = 12.2;
				MTL_ENABLE_DEBUG_INFO = INCLUDE_SOURCE;
				MTL_FAST_MATH = YES;
				ONLY_ACTIVE_ARCH = YES;
				SDKROOT = iphoneos;
				SWIFT_ACTIVE_COMPILATION_CONDITIONS = DEBUG;
				SWIFT_OPTIMIZATION_LEVEL = "-Onone";
			};
			name = Debug;
		};
		FA350EAA226797FD00A167CB /* Release */ = {
			isa = XCBuildConfiguration;
			buildSettings = {
				ALWAYS_SEARCH_USER_PATHS = NO;
				CLANG_ANALYZER_NONNULL = YES;
				CLANG_ANALYZER_NUMBER_OBJECT_CONVERSION = YES_AGGRESSIVE;
				CLANG_CXX_LANGUAGE_STANDARD = "gnu++14";
				CLANG_CXX_LIBRARY = "libc++";
				CLANG_ENABLE_MODULES = YES;
				CLANG_ENABLE_OBJC_ARC = YES;
				CLANG_ENABLE_OBJC_WEAK = YES;
				CLANG_WARN_BLOCK_CAPTURE_AUTORELEASING = YES;
				CLANG_WARN_BOOL_CONVERSION = YES;
				CLANG_WARN_COMMA = YES;
				CLANG_WARN_CONSTANT_CONVERSION = YES;
				CLANG_WARN_DEPRECATED_OBJC_IMPLEMENTATIONS = YES;
				CLANG_WARN_DIRECT_OBJC_ISA_USAGE = YES_ERROR;
				CLANG_WARN_DOCUMENTATION_COMMENTS = YES;
				CLANG_WARN_EMPTY_BODY = YES;
				CLANG_WARN_ENUM_CONVERSION = YES;
				CLANG_WARN_INFINITE_RECURSION = YES;
				CLANG_WARN_INT_CONVERSION = YES;
				CLANG_WARN_NON_LITERAL_NULL_CONVERSION = YES;
				CLANG_WARN_OBJC_IMPLICIT_RETAIN_SELF = YES;
				CLANG_WARN_OBJC_LITERAL_CONVERSION = YES;
				CLANG_WARN_OBJC_ROOT_CLASS = YES_ERROR;
				CLANG_WARN_RANGE_LOOP_ANALYSIS = YES;
				CLANG_WARN_STRICT_PROTOTYPES = YES;
				CLANG_WARN_SUSPICIOUS_MOVE = YES;
				CLANG_WARN_UNGUARDED_AVAILABILITY = YES_AGGRESSIVE;
				CLANG_WARN_UNREACHABLE_CODE = YES;
				CLANG_WARN__DUPLICATE_METHOD_MATCH = YES;
				CODE_SIGN_IDENTITY = "iPhone Developer";
				COPY_PHASE_STRIP = NO;
				DEBUG_INFORMATION_FORMAT = "dwarf-with-dsym";
				ENABLE_NS_ASSERTIONS = NO;
				ENABLE_STRICT_OBJC_MSGSEND = YES;
				GCC_C_LANGUAGE_STANDARD = gnu11;
				GCC_NO_COMMON_BLOCKS = YES;
				GCC_WARN_64_TO_32_BIT_CONVERSION = YES;
				GCC_WARN_ABOUT_RETURN_TYPE = YES_ERROR;
				GCC_WARN_UNDECLARED_SELECTOR = YES;
				GCC_WARN_UNINITIALIZED_AUTOS = YES_AGGRESSIVE;
				GCC_WARN_UNUSED_FUNCTION = YES;
				GCC_WARN_UNUSED_VARIABLE = YES;
				IPHONEOS_DEPLOYMENT_TARGET = 12.2;
				MTL_ENABLE_DEBUG_INFO = NO;
				MTL_FAST_MATH = YES;
				SDKROOT = iphoneos;
				SWIFT_COMPILATION_MODE = wholemodule;
				SWIFT_OPTIMIZATION_LEVEL = "-O";
				VALIDATE_PRODUCT = YES;
			};
			name = Release;
		};
		FA350EAC226797FD00A167CB /* Debug */ = {
			isa = XCBuildConfiguration;
			baseConfigurationReference = EA86A807433C547336560D57 /* Pods-ToWatcher.debug.xcconfig */;
			buildSettings = {
				ASSETCATALOG_COMPILER_APPICON_NAME = AppIcon;
				CODE_SIGN_STYLE = Automatic;
				DEVELOPMENT_TEAM = CU9VA4YC8Q;
				INFOPLIST_FILE = ToWatcher/Info.plist;
				IPHONEOS_DEPLOYMENT_TARGET = 12.0;
				LD_RUNPATH_SEARCH_PATHS = (
					"$(inherited)",
					"@executable_path/Frameworks",
				);
				PRODUCT_BUNDLE_IDENTIFIER = com.alexdelin.ToWatcher;
				PRODUCT_NAME = "$(TARGET_NAME)";
				SWIFT_VERSION = 5.0;
				TARGETED_DEVICE_FAMILY = "1,2";
			};
			name = Debug;
		};
		FA350EAD226797FD00A167CB /* Release */ = {
			isa = XCBuildConfiguration;
			baseConfigurationReference = 58B87DD18EB9F94DA713E74D /* Pods-ToWatcher.release.xcconfig */;
			buildSettings = {
				ASSETCATALOG_COMPILER_APPICON_NAME = AppIcon;
				CODE_SIGN_STYLE = Automatic;
				DEVELOPMENT_TEAM = CU9VA4YC8Q;
				INFOPLIST_FILE = ToWatcher/Info.plist;
				IPHONEOS_DEPLOYMENT_TARGET = 12.0;
				LD_RUNPATH_SEARCH_PATHS = (
					"$(inherited)",
					"@executable_path/Frameworks",
				);
				PRODUCT_BUNDLE_IDENTIFIER = com.alexdelin.ToWatcher;
				PRODUCT_NAME = "$(TARGET_NAME)";
				SWIFT_VERSION = 5.0;
				TARGETED_DEVICE_FAMILY = "1,2";
			};
			name = Release;
		};
/* End XCBuildConfiguration section */

/* Begin XCConfigurationList section */
		FA350E94226797FB00A167CB /* Build configuration list for PBXProject "ToWatcher" */ = {
			isa = XCConfigurationList;
			buildConfigurations = (
				FA350EA9226797FD00A167CB /* Debug */,
				FA350EAA226797FD00A167CB /* Release */,
			);
			defaultConfigurationIsVisible = 0;
			defaultConfigurationName = Release;
		};
		FA350EAB226797FD00A167CB /* Build configuration list for PBXNativeTarget "ToWatcher" */ = {
			isa = XCConfigurationList;
			buildConfigurations = (
				FA350EAC226797FD00A167CB /* Debug */,
				FA350EAD226797FD00A167CB /* Release */,
			);
			defaultConfigurationIsVisible = 0;
			defaultConfigurationName = Release;
		};
/* End XCConfigurationList section */
	};
	rootObject = FA350E91226797FB00A167CB /* Project object */;
}
